<?xml version="1.0" encoding="utf-8"?>
<Project ToolsVersion="4.0" xmlns="http://schemas.microsoft.com/developer/msbuild/2003">
  <ItemGroup>
    <Filter Include="源文件">
      <UniqueIdentifier>{4FC737F1-C7A5-4376-A066-2A32D752A2FF}</UniqueIdentifier>
      <Extensions>cpp;c;cc;cxx;def;odl;idl;hpj;bat;asm;asmx</Extensions>
    </Filter>
    <Filter Include="头文件">
      <UniqueIdentifier>{93995380-89BD-4b04-88EB-625FBE52EBFB}</UniqueIdentifier>
      <Extensions>h;hh;hpp;hxx;hm;inl;inc;xsd</Extensions>
    </Filter>
    <Filter Include="资源文件">
      <UniqueIdentifier>{67DA6AB6-F800-4c08-8B7A-83BB121AAD01}</UniqueIdentifier>
      <Extensions>rc;ico;cur;bmp;dlg;rc2;rct;bin;rgs;gif;jpg;jpeg;jpe;resx;tiff;tif;png;wav;mfcribbon-ms</Extensions>
    </Filter>
  </ItemGroup>
  <ItemGroup>
    <Text Include="ReadMe.txt" />
  </ItemGroup>
  <ItemGroup>
    <ClInclude Include="TestActiveX.h">
      <Filter>头文件</Filter>
    </ClInclude>
    <ClInclude Include="TestActiveXDlg.h">
      <Filter>头文件</Filter>
    </ClInclude>
    <ClInclude Include="stdafx.h">
      <Filter>头文件</Filter>
    </ClInclude>
    <ClInclude Include="targetver.h">
      <Filter>头文件</Filter>
    </ClInclude>
    <ClInclude Include="Resource.h">
      <Filter>头文件</Filter>
    </ClInclude>
    <ClInclude Include="CClsICSectorSetting.h">
      <Filter>头文件</Filter>
    </ClInclude>
    <ClInclude Include="CDriveCard.h">
      <Filter>头文件</Filter>
    </ClInclude>
    <ClInclude Include="CDriveCardLists.h">
      <Filter>头文件</Filter>
    </ClInclude>
    <ClInclude Include="CDriveCommandEvent.h">
      <Filter>头文件</Filter>
    </ClInclude>
    <ClInclude Include="CDriveCommandFile.h">
      <Filter>头文件</Filter>
    </ClInclude>
    <ClInclude Include="CDriveHoliday.h">
      <Filter>头文件</Filter>
    </ClInclude>
    <ClInclude Include="CDriveHolidayLists.h">
      <Filter>头文件</Filter>
    </ClInclude>
    <ClInclude Include="CDriveInfo.h">
      <Filter>头文件</Filter>
    </ClInclude>
    <ClInclude Include="CDriveMain.h">
      <Filter>头文件</Filter>
    </ClInclude>
    <ClInclude Include="CDrivePassword.h">
      <Filter>头文件</Filter>
    </ClInclude>
    <ClInclude Include="CDrivePasswordLists.h">
      <Filter>头文件</Filter>
    </ClInclude>
    <ClInclude Include="CDrivePortList.h">
      <Filter>头文件</Filter>
    </ClInclude>
    <ClInclude Include="CDriveRecord.h">
      <Filter>头文件</Filter>
    </ClInclude>
    <ClInclude Include="CDriveRecordLists.h">
      <Filter>头文件</Filter>
    </ClInclude>
    <ClInclude Include="CDriveTCPInfo.h">
      <Filter>头文件</Filter>
    </ClInclude>
    <ClInclude Include="CDriveTimeGroup.h">
      <Filter>头文件</Filter>
    </ClInclude>
    <ClInclude Include="CDriveTimeGroupLists.h">
      <Filter>头文件</Filter>
    </ClInclude>
    <ClInclude Include="CDriveValueList.h">
      <Filter>头文件</Filter>
    </ClInclude>
  </ItemGroup>
  <ItemGroup>
    <ClCompile Include="TestActiveX.cpp">
      <Filter>源文件</Filter>
    </ClCompile>
    <ClCompile Include="TestActiveXDlg.cpp">
      <Filter>源文件</Filter>
    </ClCompile>
    <ClCompile Include="stdafx.cpp">
      <Filter>源文件</Filter>
    </ClCompile>
    <ClCompile Include="CClsICSectorSetting.cpp">
      <Filter>源文件</Filter>
    </ClCompile>
    <ClCompile Include="CDriveCard.cpp">
      <Filter>源文件</Filter>
    </ClCompile>
    <ClCompile Include="CDriveCardLists.cpp">
      <Filter>源文件</Filter>
    </ClCompile>
    <ClCompile Include="CDriveCommandEvent.cpp">
      <Filter>源文件</Filter>
    </ClCompile>
    <ClCompile Include="CDriveCommandFile.cpp">
      <Filter>源文件</Filter>
    </ClCompile>
    <ClCompile Include="CDriveHoliday.cpp">
      <Filter>源文件</Filter>
    </ClCompile>
    <ClCompile Include="CDriveHolidayLists.cpp">
      <Filter>源文件</Filter>
    </ClCompile>
    <ClCompile Include="CDriveInfo.cpp">
      <Filter>源文件</Filter>
    </ClCompile>
    <ClCompile Include="CDriveMain.cpp">
      <Filter>源文件</Filter>
    </ClCompile>
    <ClCompile Include="CDrivePassword.cpp">
      <Filter>源文件</Filter>
    </ClCompile>
    <ClCompile Include="CDrivePasswordLists.cpp">
      <Filter>源文件</Filter>
    </ClCompile>
    <ClCompile Include="CDrivePortList.cpp">
      <Filter>源文件</Filter>
    </ClCompile>
    <ClCompile Include="CDriveRecord.cpp">
      <Filter>源文件</Filter>
    </ClCompile>
    <ClCompile Include="CDriveRecordLists.cpp">
      <Filter>源文件</Filter>
    </ClCompile>
    <ClCompile Include="CDriveTCPInfo.cpp">
      <Filter>源文件</Filter>
    </ClCompile>
    <ClCompile Include="CDriveTimeGroup.cpp">
      <Filter>源文件</Filter>
    </ClCompile>
    <ClCompile Include="CDriveTimeGroupLists.cpp">
      <Filter>源文件</Filter>
    </ClCompile>
    <ClCompile Include="CDriveValueList.cpp">
      <Filter>源文件</Filter>
    </ClCompile>
  </ItemGroup>
  <ItemGroup>
    <ResourceCompile Include="TestActiveX.rc">
      <Filter>资源文件</Filter>
    </ResourceCompile>
  </ItemGroup>
  <ItemGroup>
    <None Include="res\TestActiveX.rc2">
      <Filter>资源文件</Filter>
    </None>
  </ItemGroup>
  <ItemGroup>
    <Image Include="res\TestActiveX.ico">
      <Filter>资源文件</Filter>
    </Image>
  </ItemGroup>
</Project>