
Microsoft Visual Studio Solution File, Format Version 12.00
# Visual Studio 14
VisualStudioVersion = 14.0.25420.1
MinimumVisualStudioVersion = 10.0.40219.1
Project("{FAE04EC0-301F-11D3-BF4B-00C04F79EFBC}") = "记录采集", "CollectRecord\记录采集.csproj", "{C79055E7-59AE-4B85-B3F3-821787AD165B}"
EndProject
Project("{FAE04EC0-301F-11D3-BF4B-00C04F79EFBC}") = "CSharp总示例", "CSharpDemo\CSharp总示例.csproj", "{FF7113DA-9121-4ED7-8E6F-A9BB85783ECF}"
EndProject
Project("{FAE04EC0-301F-11D3-BF4B-00C04F79EFBC}") = "数据监控", "DataMonitoring\数据监控.csproj", "{C4615A54-E030-4CCD-8C07-43BA1B3F79BD}"
EndProject
Project("{FAE04EC0-301F-11D3-BF4B-00C04F79EFBC}") = "开门", "OpenDoor\开门.csproj", "{2DB244A3-94DA-4440-B5B3-01B07EC0520E}"
EndProject
Project("{FAE04EC0-301F-11D3-BF4B-00C04F79EFBC}") = "读取卡片", "ReadRecord\读取卡片.csproj", "{273997F2-FADF-4C16-A394-35155C28EAFA}"
EndProject
Project("{FAE04EC0-301F-11D3-BF4B-00C04F79EFBC}") = "上传卡片", "UploadCard\上传卡片.csproj", "{30231410-93A5-4A59-835A-BBBEB43E90EF}"
EndProject
Global
	GlobalSection(SolutionConfigurationPlatforms) = preSolution
		Debug|Any CPU = Debug|Any CPU
		Release|Any CPU = Release|Any CPU
	EndGlobalSection
	GlobalSection(ProjectConfigurationPlatforms) = postSolution
		{C79055E7-59AE-4B85-B3F3-821787AD165B}.Debug|Any CPU.ActiveCfg = Debug|Any CPU
		{C79055E7-59AE-4B85-B3F3-821787AD165B}.Debug|Any CPU.Build.0 = Debug|Any CPU
		{C79055E7-59AE-4B85-B3F3-821787AD165B}.Release|Any CPU.ActiveCfg = Release|Any CPU
		{C79055E7-59AE-4B85-B3F3-821787AD165B}.Release|Any CPU.Build.0 = Release|Any CPU
		{FF7113DA-9121-4ED7-8E6F-A9BB85783ECF}.Debug|Any CPU.ActiveCfg = Debug|Any CPU
		{FF7113DA-9121-4ED7-8E6F-A9BB85783ECF}.Debug|Any CPU.Build.0 = Debug|Any CPU
		{FF7113DA-9121-4ED7-8E6F-A9BB85783ECF}.Release|Any CPU.ActiveCfg = Release|Any CPU
		{FF7113DA-9121-4ED7-8E6F-A9BB85783ECF}.Release|Any CPU.Build.0 = Release|Any CPU
		{C4615A54-E030-4CCD-8C07-43BA1B3F79BD}.Debug|Any CPU.ActiveCfg = Debug|Any CPU
		{C4615A54-E030-4CCD-8C07-43BA1B3F79BD}.Debug|Any CPU.Build.0 = Debug|Any CPU
		{C4615A54-E030-4CCD-8C07-43BA1B3F79BD}.Release|Any CPU.ActiveCfg = Release|Any CPU
		{C4615A54-E030-4CCD-8C07-43BA1B3F79BD}.Release|Any CPU.Build.0 = Release|Any CPU
		{2DB244A3-94DA-4440-B5B3-01B07EC0520E}.Debug|Any CPU.ActiveCfg = Debug|Any CPU
		{2DB244A3-94DA-4440-B5B3-01B07EC0520E}.Debug|Any CPU.Build.0 = Debug|Any CPU
		{2DB244A3-94DA-4440-B5B3-01B07EC0520E}.Release|Any CPU.ActiveCfg = Release|Any CPU
		{2DB244A3-94DA-4440-B5B3-01B07EC0520E}.Release|Any CPU.Build.0 = Release|Any CPU
		{273997F2-FADF-4C16-A394-35155C28EAFA}.Debug|Any CPU.ActiveCfg = Debug|Any CPU
		{273997F2-FADF-4C16-A394-35155C28EAFA}.Debug|Any CPU.Build.0 = Debug|Any CPU
		{273997F2-FADF-4C16-A394-35155C28EAFA}.Release|Any CPU.ActiveCfg = Release|Any CPU
		{273997F2-FADF-4C16-A394-35155C28EAFA}.Release|Any CPU.Build.0 = Release|Any CPU
		{30231410-93A5-4A59-835A-BBBEB43E90EF}.Debug|Any CPU.ActiveCfg = Debug|Any CPU
		{30231410-93A5-4A59-835A-BBBEB43E90EF}.Debug|Any CPU.Build.0 = Debug|Any CPU
		{30231410-93A5-4A59-835A-BBBEB43E90EF}.Release|Any CPU.ActiveCfg = Release|Any CPU
		{30231410-93A5-4A59-835A-BBBEB43E90EF}.Release|Any CPU.Build.0 = Release|Any CPU
	EndGlobalSection
	GlobalSection(SolutionProperties) = preSolution
		HideSolutionNode = FALSE
	EndGlobalSection
EndGlobal
